// !$*UTF8*$!
{
	archiveVersion = 1;
	classes = {
	};
	objectVersion = 51;
	objects = {

/* Begin PBXBuildFile section */
		017D1772491556C809C97BCD /* Pods_HYNewNest.framework in Frameworks */ = {isa = PBXBuildFile; fileRef = AEF7A2146C28453736D5663C /* Pods_HYNewNest.framework */; };
		167E2F2A00629D00667FC492 /* Pods_HYNewNestTests.framework in Frameworks */ = {isa = PBXBuildFile; fileRef = A0457DFB903256B1AB72D121 /* Pods_HYNewNestTests.framework */; };
		3D13385C24AD8F9B00B29783 /* ViewController.m in Sources */ = {isa = PBXBuildFile; fileRef = 3D13385B24AD8F9B00B29783 /* ViewController.m */; };
		3D13387124AD8F9C00B29783 /* HYNewNestTests.m in Sources */ = {isa = PBXBuildFile; fileRef = 3D13387024AD8F9C00B29783 /* HYNewNestTests.m */; };
		3D13387C24AD8F9C00B29783 /* HYNewNestUITests.m in Sources */ = {isa = PBXBuildFile; fileRef = 3D13387B24AD8F9C00B29783 /* HYNewNestUITests.m */; };
		3D13389224AF28D700B29783 /* Assets.xcassets in Resources */ = {isa = PBXBuildFile; fileRef = 3D13388A24AF28D600B29783 /* Assets.xcassets */; };
		3D13389324AF28D700B29783 /* LaunchScreen.storyboard in Resources */ = {isa = PBXBuildFile; fileRef = 3D13388B24AF28D600B29783 /* LaunchScreen.storyboard */; };
		3D1338A324AF2E5200B29783 /* main.m in Sources */ = {isa = PBXBuildFile; fileRef = 3D1338A024AF2E5200B29783 /* main.m */; };
		3D1338A424AF2E5200B29783 /* AppDelegate.m in Sources */ = {isa = PBXBuildFile; fileRef = 3D1338A124AF2E5200B29783 /* AppDelegate.m */; };
		3D1338B924AF3AB200B29783 /* NNPageRouter.m in Sources */ = {isa = PBXBuildFile; fileRef = 3D1338B824AF3AB200B29783 /* NNPageRouter.m */; };
		3DA4F15024B30A090039123F /* SGQRCode.bundle in Resources */ = {isa = PBXBuildFile; fileRef = 3DA4F13B24B30A080039123F /* SGQRCode.bundle */; };
		3DA4F15124B30A090039123F /* UIImage+SGImageSize.m in Sources */ = {isa = PBXBuildFile; fileRef = 3DA4F13D24B30A080039123F /* UIImage+SGImageSize.m */; };
		3DA4F15224B30A090039123F /* UIButton+Indicator.m in Sources */ = {isa = PBXBuildFile; fileRef = 3DA4F14024B30A080039123F /* UIButton+Indicator.m */; };
		3DA4F15324B30A090039123F /* SGQRCodeHelperTool.m in Sources */ = {isa = PBXBuildFile; fileRef = 3DA4F14124B30A080039123F /* SGQRCodeHelperTool.m */; };
		3DA4F15424B30A090039123F /* SGQRCodeScanningView.m in Sources */ = {isa = PBXBuildFile; fileRef = 3DA4F14224B30A080039123F /* SGQRCodeScanningView.m */; };
		3DA4F15524B30A090039123F /* SGQRCodeScanManager.m in Sources */ = {isa = PBXBuildFile; fileRef = 3DA4F14324B30A080039123F /* SGQRCodeScanManager.m */; };
		3DA4F15624B30A090039123F /* SGQRCodeGenerateManager.m in Sources */ = {isa = PBXBuildFile; fileRef = 3DA4F14424B30A080039123F /* SGQRCodeGenerateManager.m */; };
		3DA4F15724B30A090039123F /* SGQRCodeAlbumManager.m in Sources */ = {isa = PBXBuildFile; fileRef = 3DA4F14924B30A080039123F /* SGQRCodeAlbumManager.m */; };
		3DA4F15F24B30D610039123F /* GTMBase64.m in Sources */ = {isa = PBXBuildFile; fileRef = 3DA4F15E24B30D610039123F /* GTMBase64.m */; };
		3DA4F16924B312BE0039123F /* NSString+Validation.m in Sources */ = {isa = PBXBuildFile; fileRef = 3DA4F16524B312BD0039123F /* NSString+Validation.m */; };
		3DA4F16A24B312BE0039123F /* UIView+Extension.m in Sources */ = {isa = PBXBuildFile; fileRef = 3DA4F16724B312BD0039123F /* UIView+Extension.m */; };
		3DA4F16B24B312BE0039123F /* UIViewController+Extension.m in Sources */ = {isa = PBXBuildFile; fileRef = 3DA4F16824B312BD0039123F /* UIViewController+Extension.m */; };
		3DA4F16E24B314F30039123F /* UIImage+ESUtilities.m in Sources */ = {isa = PBXBuildFile; fileRef = 3DA4F16C24B314F20039123F /* UIImage+ESUtilities.m */; };
		3DA4F17C24B315940039123F /* NSURL+HYLink.m in Sources */ = {isa = PBXBuildFile; fileRef = 3DA4F17A24B315930039123F /* NSURL+HYLink.m */; };
		3DA4F17D24B315940039123F /* UIFont+RCFont.m in Sources */ = {isa = PBXBuildFile; fileRef = 3DA4F17B24B315930039123F /* UIFont+RCFont.m */; };
		3DA4F18424B317490039123F /* LoadingView.m in Sources */ = {isa = PBXBuildFile; fileRef = 3DA4F17F24B317490039123F /* LoadingView.m */; };
		3DA4F18524B317490039123F /* HYEncryptor.m in Sources */ = {isa = PBXBuildFile; fileRef = 3DA4F18224B317490039123F /* HYEncryptor.m */; };
		3DA4F18924B317E40039123F /* WMDragView.m in Sources */ = {isa = PBXBuildFile; fileRef = 3DA4F18724B317E40039123F /* WMDragView.m */; };
		3DA4F19D24B3195F0039123F /* HYRefreshHeader.m in Sources */ = {isa = PBXBuildFile; fileRef = 3DA4F19B24B3195F0039123F /* HYRefreshHeader.m */; };
		3DA4F1A124B3199A0039123F /* HYNavigationController.m in Sources */ = {isa = PBXBuildFile; fileRef = 3DA4F19F24B3199A0039123F /* HYNavigationController.m */; };
		3DA4F1A424B31A110039123F /* NSString+Font.m in Sources */ = {isa = PBXBuildFile; fileRef = 3DA4F1A324B31A110039123F /* NSString+Font.m */; };
		5D89EDD4863F4328F6126B58 /* Pods_HYNewNest_HYNewNestUITests.framework in Frameworks */ = {isa = PBXBuildFile; fileRef = BE65A8392B63C85D83408E26 /* Pods_HYNewNest_HYNewNestUITests.framework */; };
		D5FBFDC824B4672200BBCAD8 /* CNSkinManager.m in Sources */ = {isa = PBXBuildFile; fileRef = D5FBFDC724B4672200BBCAD8 /* CNSkinManager.m */; };
		D5FBFDF824B59DB100BBCAD8 /* SkinMapValue.plist in Resources */ = {isa = PBXBuildFile; fileRef = D5FBFDF724B59DB100BBCAD8 /* SkinMapValue.plist */; };
/* End PBXBuildFile section */

/* Begin PBXContainerItemProxy section */
		3D13386D24AD8F9C00B29783 /* PBXContainerItemProxy */ = {
			isa = PBXContainerItemProxy;
			containerPortal = 3D13384924AD8F9A00B29783 /* Project object */;
			proxyType = 1;
			remoteGlobalIDString = 3D13385024AD8F9B00B29783;
			remoteInfo = HYNewNest;
		};
		3D13387824AD8F9C00B29783 /* PBXContainerItemProxy */ = {
			isa = PBXContainerItemProxy;
			containerPortal = 3D13384924AD8F9A00B29783 /* Project object */;
			proxyType = 1;
			remoteGlobalIDString = 3D13385024AD8F9B00B29783;
			remoteInfo = HYNewNest;
		};
/* End PBXContainerItemProxy section */

/* Begin PBXFileReference section */
		3D13385124AD8F9B00B29783 /* HYNewNest.app */ = {isa = PBXFileReference; explicitFileType = wrapper.application; includeInIndex = 0; path = HYNewNest.app; sourceTree = BUILT_PRODUCTS_DIR; };
		3D13385A24AD8F9B00B29783 /* ViewController.h */ = {isa = PBXFileReference; lastKnownFileType = sourcecode.c.h; path = ViewController.h; sourceTree = "<group>"; };
		3D13385B24AD8F9B00B29783 /* ViewController.m */ = {isa = PBXFileReference; lastKnownFileType = sourcecode.c.objc; path = ViewController.m; sourceTree = "<group>"; };
		3D13386C24AD8F9C00B29783 /* HYNewNestTests.xctest */ = {isa = PBXFileReference; explicitFileType = wrapper.cfbundle; includeInIndex = 0; path = HYNewNestTests.xctest; sourceTree = BUILT_PRODUCTS_DIR; };
		3D13387024AD8F9C00B29783 /* HYNewNestTests.m */ = {isa = PBXFileReference; lastKnownFileType = sourcecode.c.objc; path = HYNewNestTests.m; sourceTree = "<group>"; };
		3D13387224AD8F9C00B29783 /* Info.plist */ = {isa = PBXFileReference; lastKnownFileType = text.plist.xml; path = Info.plist; sourceTree = "<group>"; };
		3D13387724AD8F9C00B29783 /* HYNewNestUITests.xctest */ = {isa = PBXFileReference; explicitFileType = wrapper.cfbundle; includeInIndex = 0; path = HYNewNestUITests.xctest; sourceTree = BUILT_PRODUCTS_DIR; };
		3D13387B24AD8F9C00B29783 /* HYNewNestUITests.m */ = {isa = PBXFileReference; lastKnownFileType = sourcecode.c.objc; path = HYNewNestUITests.m; sourceTree = "<group>"; };
		3D13387D24AD8F9C00B29783 /* Info.plist */ = {isa = PBXFileReference; lastKnownFileType = text.plist.xml; path = Info.plist; sourceTree = "<group>"; };
		3D13388A24AF28D600B29783 /* Assets.xcassets */ = {isa = PBXFileReference; lastKnownFileType = folder.assetcatalog; path = Assets.xcassets; sourceTree = "<group>"; };
		3D13388C24AF28D600B29783 /* Base */ = {isa = PBXFileReference; lastKnownFileType = file.storyboard; name = Base; path = Base.lproj/LaunchScreen.storyboard; sourceTree = "<group>"; };
		3D13389F24AF2E5200B29783 /* AppDelegate.h */ = {isa = PBXFileReference; fileEncoding = 4; lastKnownFileType = sourcecode.c.h; path = AppDelegate.h; sourceTree = "<group>"; };
		3D1338A024AF2E5200B29783 /* main.m */ = {isa = PBXFileReference; fileEncoding = 4; lastKnownFileType = sourcecode.c.objc; path = main.m; sourceTree = "<group>"; };
		3D1338A124AF2E5200B29783 /* AppDelegate.m */ = {isa = PBXFileReference; fileEncoding = 4; lastKnownFileType = sourcecode.c.objc; path = AppDelegate.m; sourceTree = "<group>"; };
		3D1338A224AF2E5200B29783 /* Info.plist */ = {isa = PBXFileReference; fileEncoding = 4; lastKnownFileType = text.plist.xml; path = Info.plist; sourceTree = "<group>"; };
		3D1338B124AF2F6600B29783 /* PrefixHeader.pch */ = {isa = PBXFileReference; lastKnownFileType = sourcecode.c.h; path = PrefixHeader.pch; sourceTree = "<group>"; };
		3D1338B424AF3A2D00B29783 /* MacroConfigure.h */ = {isa = PBXFileReference; lastKnownFileType = sourcecode.c.h; path = MacroConfigure.h; sourceTree = "<group>"; };
		3D1338B524AF3A2D00B29783 /* GlobalConstant.h */ = {isa = PBXFileReference; lastKnownFileType = sourcecode.c.h; path = GlobalConstant.h; sourceTree = "<group>"; };
		3D1338B724AF3AB200B29783 /* NNPageRouter.h */ = {isa = PBXFileReference; lastKnownFileType = sourcecode.c.h; path = NNPageRouter.h; sourceTree = "<group>"; };
		3D1338B824AF3AB200B29783 /* NNPageRouter.m */ = {isa = PBXFileReference; lastKnownFileType = sourcecode.c.objc; path = NNPageRouter.m; sourceTree = "<group>"; };
		3DA4F13A24B30A080039123F /* SGQRCode.h */ = {isa = PBXFileReference; fileEncoding = 4; lastKnownFileType = sourcecode.c.h; path = SGQRCode.h; sourceTree = "<group>"; };
		3DA4F13B24B30A080039123F /* SGQRCode.bundle */ = {isa = PBXFileReference; lastKnownFileType = "wrapper.plug-in"; path = SGQRCode.bundle; sourceTree = "<group>"; };
		3DA4F13D24B30A080039123F /* UIImage+SGImageSize.m */ = {isa = PBXFileReference; fileEncoding = 4; lastKnownFileType = sourcecode.c.objc; path = "UIImage+SGImageSize.m"; sourceTree = "<group>"; };
		3DA4F13E24B30A080039123F /* UIButton+Indicator.h */ = {isa = PBXFileReference; fileEncoding = 4; lastKnownFileType = sourcecode.c.h; path = "UIButton+Indicator.h"; sourceTree = "<group>"; };
		3DA4F13F24B30A080039123F /* UIImage+SGImageSize.h */ = {isa = PBXFileReference; fileEncoding = 4; lastKnownFileType = sourcecode.c.h; path = "UIImage+SGImageSize.h"; sourceTree = "<group>"; };
		3DA4F14024B30A080039123F /* UIButton+Indicator.m */ = {isa = PBXFileReference; fileEncoding = 4; lastKnownFileType = sourcecode.c.objc; path = "UIButton+Indicator.m"; sourceTree = "<group>"; };
		3DA4F14124B30A080039123F /* SGQRCodeHelperTool.m */ = {isa = PBXFileReference; fileEncoding = 4; lastKnownFileType = sourcecode.c.objc; path = SGQRCodeHelperTool.m; sourceTree = "<group>"; };
		3DA4F14224B30A080039123F /* SGQRCodeScanningView.m */ = {isa = PBXFileReference; fileEncoding = 4; lastKnownFileType = sourcecode.c.objc; path = SGQRCodeScanningView.m; sourceTree = "<group>"; };
		3DA4F14324B30A080039123F /* SGQRCodeScanManager.m */ = {isa = PBXFileReference; fileEncoding = 4; lastKnownFileType = sourcecode.c.objc; path = SGQRCodeScanManager.m; sourceTree = "<group>"; };
		3DA4F14424B30A080039123F /* SGQRCodeGenerateManager.m */ = {isa = PBXFileReference; fileEncoding = 4; lastKnownFileType = sourcecode.c.objc; path = SGQRCodeGenerateManager.m; sourceTree = "<group>"; };
		3DA4F14524B30A080039123F /* SGQRCodeAlbumManager.h */ = {isa = PBXFileReference; fileEncoding = 4; lastKnownFileType = sourcecode.c.h; path = SGQRCodeAlbumManager.h; sourceTree = "<group>"; };
		3DA4F14624B30A080039123F /* SGQRCodeHelperTool.h */ = {isa = PBXFileReference; fileEncoding = 4; lastKnownFileType = sourcecode.c.h; path = SGQRCodeHelperTool.h; sourceTree = "<group>"; };
		3DA4F14724B30A080039123F /* SGQRCodeScanningView.h */ = {isa = PBXFileReference; fileEncoding = 4; lastKnownFileType = sourcecode.c.h; path = SGQRCodeScanningView.h; sourceTree = "<group>"; };
		3DA4F14824B30A080039123F /* SGQRCodeScanManager.h */ = {isa = PBXFileReference; fileEncoding = 4; lastKnownFileType = sourcecode.c.h; path = SGQRCodeScanManager.h; sourceTree = "<group>"; };
		3DA4F14924B30A080039123F /* SGQRCodeAlbumManager.m */ = {isa = PBXFileReference; fileEncoding = 4; lastKnownFileType = sourcecode.c.objc; path = SGQRCodeAlbumManager.m; sourceTree = "<group>"; };
		3DA4F14A24B30A080039123F /* SGQRCodeGenerateManager.h */ = {isa = PBXFileReference; fileEncoding = 4; lastKnownFileType = sourcecode.c.h; path = SGQRCodeGenerateManager.h; sourceTree = "<group>"; };
		3DA4F15C24B30D610039123F /* GTMBase64.h */ = {isa = PBXFileReference; fileEncoding = 4; lastKnownFileType = sourcecode.c.h; path = GTMBase64.h; sourceTree = "<group>"; };
		3DA4F15D24B30D610039123F /* GTMDefines.h */ = {isa = PBXFileReference; fileEncoding = 4; lastKnownFileType = sourcecode.c.h; path = GTMDefines.h; sourceTree = "<group>"; };
		3DA4F15E24B30D610039123F /* GTMBase64.m */ = {isa = PBXFileReference; fileEncoding = 4; lastKnownFileType = sourcecode.c.objc; path = GTMBase64.m; sourceTree = "<group>"; };
		3DA4F16324B312BD0039123F /* UIViewController+Extension.h */ = {isa = PBXFileReference; fileEncoding = 4; lastKnownFileType = sourcecode.c.h; path = "UIViewController+Extension.h"; sourceTree = "<group>"; };
		3DA4F16424B312BD0039123F /* NSString+Validation.h */ = {isa = PBXFileReference; fileEncoding = 4; lastKnownFileType = sourcecode.c.h; path = "NSString+Validation.h"; sourceTree = "<group>"; };
		3DA4F16524B312BD0039123F /* NSString+Validation.m */ = {isa = PBXFileReference; fileEncoding = 4; lastKnownFileType = sourcecode.c.objc; path = "NSString+Validation.m"; sourceTree = "<group>"; };
		3DA4F16624B312BD0039123F /* UIView+Extension.h */ = {isa = PBXFileReference; fileEncoding = 4; lastKnownFileType = sourcecode.c.h; path = "UIView+Extension.h"; sourceTree = "<group>"; };
		3DA4F16724B312BD0039123F /* UIView+Extension.m */ = {isa = PBXFileReference; fileEncoding = 4; lastKnownFileType = sourcecode.c.objc; path = "UIView+Extension.m"; sourceTree = "<group>"; };
		3DA4F16824B312BD0039123F /* UIViewController+Extension.m */ = {isa = PBXFileReference; fileEncoding = 4; lastKnownFileType = sourcecode.c.objc; path = "UIViewController+Extension.m"; sourceTree = "<group>"; };
		3DA4F16C24B314F20039123F /* UIImage+ESUtilities.m */ = {isa = PBXFileReference; fileEncoding = 4; lastKnownFileType = sourcecode.c.objc; path = "UIImage+ESUtilities.m"; sourceTree = "<group>"; };
		3DA4F16D24B314F20039123F /* UIImage+ESUtilities.h */ = {isa = PBXFileReference; fileEncoding = 4; lastKnownFileType = sourcecode.c.h; path = "UIImage+ESUtilities.h"; sourceTree = "<group>"; };
		3DA4F17824B315930039123F /* UIFont+RCFont.h */ = {isa = PBXFileReference; fileEncoding = 4; lastKnownFileType = sourcecode.c.h; path = "UIFont+RCFont.h"; sourceTree = "<group>"; };
		3DA4F17924B315930039123F /* NSURL+HYLink.h */ = {isa = PBXFileReference; fileEncoding = 4; lastKnownFileType = sourcecode.c.h; path = "NSURL+HYLink.h"; sourceTree = "<group>"; };
		3DA4F17A24B315930039123F /* NSURL+HYLink.m */ = {isa = PBXFileReference; fileEncoding = 4; lastKnownFileType = sourcecode.c.objc; path = "NSURL+HYLink.m"; sourceTree = "<group>"; };
		3DA4F17B24B315930039123F /* UIFont+RCFont.m */ = {isa = PBXFileReference; fileEncoding = 4; lastKnownFileType = sourcecode.c.objc; path = "UIFont+RCFont.m"; sourceTree = "<group>"; };
		3DA4F17F24B317490039123F /* LoadingView.m */ = {isa = PBXFileReference; fileEncoding = 4; lastKnownFileType = sourcecode.c.objc; path = LoadingView.m; sourceTree = "<group>"; };
		3DA4F18024B317490039123F /* LoadingView.h */ = {isa = PBXFileReference; fileEncoding = 4; lastKnownFileType = sourcecode.c.h; path = LoadingView.h; sourceTree = "<group>"; };
		3DA4F18224B317490039123F /* HYEncryptor.m */ = {isa = PBXFileReference; fileEncoding = 4; lastKnownFileType = sourcecode.c.objc; path = HYEncryptor.m; sourceTree = "<group>"; };
		3DA4F18324B317490039123F /* HYEncryptor.h */ = {isa = PBXFileReference; fileEncoding = 4; lastKnownFileType = sourcecode.c.h; path = HYEncryptor.h; sourceTree = "<group>"; };
		3DA4F18724B317E40039123F /* WMDragView.m */ = {isa = PBXFileReference; fileEncoding = 4; lastKnownFileType = sourcecode.c.objc; path = WMDragView.m; sourceTree = "<group>"; };
		3DA4F18824B317E40039123F /* WMDragView.h */ = {isa = PBXFileReference; fileEncoding = 4; lastKnownFileType = sourcecode.c.h; path = WMDragView.h; sourceTree = "<group>"; };
		3DA4F19B24B3195F0039123F /* HYRefreshHeader.m */ = {isa = PBXFileReference; fileEncoding = 4; lastKnownFileType = sourcecode.c.objc; path = HYRefreshHeader.m; sourceTree = "<group>"; };
		3DA4F19C24B3195F0039123F /* HYRefreshHeader.h */ = {isa = PBXFileReference; fileEncoding = 4; lastKnownFileType = sourcecode.c.h; path = HYRefreshHeader.h; sourceTree = "<group>"; };
		3DA4F19F24B3199A0039123F /* HYNavigationController.m */ = {isa = PBXFileReference; fileEncoding = 4; lastKnownFileType = sourcecode.c.objc; path = HYNavigationController.m; sourceTree = "<group>"; };
		3DA4F1A024B3199A0039123F /* HYNavigationController.h */ = {isa = PBXFileReference; fileEncoding = 4; lastKnownFileType = sourcecode.c.h; path = HYNavigationController.h; sourceTree = "<group>"; };
		3DA4F1A224B31A110039123F /* NSString+Font.h */ = {isa = PBXFileReference; fileEncoding = 4; lastKnownFileType = sourcecode.c.h; path = "NSString+Font.h"; sourceTree = "<group>"; };
		3DA4F1A324B31A110039123F /* NSString+Font.m */ = {isa = PBXFileReference; fileEncoding = 4; lastKnownFileType = sourcecode.c.objc; path = "NSString+Font.m"; sourceTree = "<group>"; };
		62DF1724D3A54A4E27D4B55B /* Pods-HYNewNest-HYNewNestUITests.release.xcconfig */ = {isa = PBXFileReference; includeInIndex = 1; lastKnownFileType = text.xcconfig; name = "Pods-HYNewNest-HYNewNestUITests.release.xcconfig"; path = "Target Support Files/Pods-HYNewNest-HYNewNestUITests/Pods-HYNewNest-HYNewNestUITests.release.xcconfig"; sourceTree = "<group>"; };
		9F8DBAA0CC27D1FAE9F74799 /* Pods-HYNewNest.debug.xcconfig */ = {isa = PBXFileReference; includeInIndex = 1; lastKnownFileType = text.xcconfig; name = "Pods-HYNewNest.debug.xcconfig"; path = "Target Support Files/Pods-HYNewNest/Pods-HYNewNest.debug.xcconfig"; sourceTree = "<group>"; };
		A0457DFB903256B1AB72D121 /* Pods_HYNewNestTests.framework */ = {isa = PBXFileReference; explicitFileType = wrapper.framework; includeInIndex = 0; path = Pods_HYNewNestTests.framework; sourceTree = BUILT_PRODUCTS_DIR; };
		AEF7A2146C28453736D5663C /* Pods_HYNewNest.framework */ = {isa = PBXFileReference; explicitFileType = wrapper.framework; includeInIndex = 0; path = Pods_HYNewNest.framework; sourceTree = BUILT_PRODUCTS_DIR; };
		BE65A8392B63C85D83408E26 /* Pods_HYNewNest_HYNewNestUITests.framework */ = {isa = PBXFileReference; explicitFileType = wrapper.framework; includeInIndex = 0; path = Pods_HYNewNest_HYNewNestUITests.framework; sourceTree = BUILT_PRODUCTS_DIR; };
		C2D62AAB840E46D1A6C31D05 /* Pods-HYNewNestTests.debug.xcconfig */ = {isa = PBXFileReference; includeInIndex = 1; lastKnownFileType = text.xcconfig; name = "Pods-HYNewNestTests.debug.xcconfig"; path = "Target Support Files/Pods-HYNewNestTests/Pods-HYNewNestTests.debug.xcconfig"; sourceTree = "<group>"; };
		D5FBFDC624B4672200BBCAD8 /* CNSkinManager.h */ = {isa = PBXFileReference; lastKnownFileType = sourcecode.c.h; path = CNSkinManager.h; sourceTree = "<group>"; };
		D5FBFDC724B4672200BBCAD8 /* CNSkinManager.m */ = {isa = PBXFileReference; lastKnownFileType = sourcecode.c.objc; path = CNSkinManager.m; sourceTree = "<group>"; };
		D5FBFDF724B59DB100BBCAD8 /* SkinMapValue.plist */ = {isa = PBXFileReference; fileEncoding = 4; lastKnownFileType = text.plist.xml; path = SkinMapValue.plist; sourceTree = "<group>"; };
		F6CE8CAC1544E651FCBD92C6 /* Pods-HYNewNest-HYNewNestUITests.debug.xcconfig */ = {isa = PBXFileReference; includeInIndex = 1; lastKnownFileType = text.xcconfig; name = "Pods-HYNewNest-HYNewNestUITests.debug.xcconfig"; path = "Target Support Files/Pods-HYNewNest-HYNewNestUITests/Pods-HYNewNest-HYNewNestUITests.debug.xcconfig"; sourceTree = "<group>"; };
		F7369947BD28FDAEFDBB6399 /* Pods-HYNewNest.release.xcconfig */ = {isa = PBXFileReference; includeInIndex = 1; lastKnownFileType = text.xcconfig; name = "Pods-HYNewNest.release.xcconfig"; path = "Target Support Files/Pods-HYNewNest/Pods-HYNewNest.release.xcconfig"; sourceTree = "<group>"; };
		FB136AFAD485E031A2148702 /* Pods-HYNewNestTests.release.xcconfig */ = {isa = PBXFileReference; includeInIndex = 1; lastKnownFileType = text.xcconfig; name = "Pods-HYNewNestTests.release.xcconfig"; path = "Target Support Files/Pods-HYNewNestTests/Pods-HYNewNestTests.release.xcconfig"; sourceTree = "<group>"; };
/* End PBXFileReference section */

/* Begin PBXFrameworksBuildPhase section */
		3D13384E24AD8F9B00B29783 /* Frameworks */ = {
			isa = PBXFrameworksBuildPhase;
			buildActionMask = 2147483647;
			files = (
				017D1772491556C809C97BCD /* Pods_HYNewNest.framework in Frameworks */,
			);
			runOnlyForDeploymentPostprocessing = 0;
		};
		3D13386924AD8F9C00B29783 /* Frameworks */ = {
			isa = PBXFrameworksBuildPhase;
			buildActionMask = 2147483647;
			files = (
				167E2F2A00629D00667FC492 /* Pods_HYNewNestTests.framework in Frameworks */,
			);
			runOnlyForDeploymentPostprocessing = 0;
		};
		3D13387424AD8F9C00B29783 /* Frameworks */ = {
			isa = PBXFrameworksBuildPhase;
			buildActionMask = 2147483647;
			files = (
				5D89EDD4863F4328F6126B58 /* Pods_HYNewNest_HYNewNestUITests.framework in Frameworks */,
			);
			runOnlyForDeploymentPostprocessing = 0;
		};
/* End PBXFrameworksBuildPhase section */

/* Begin PBXGroup section */
		39161D15FBBFB52668D62B53 /* Pods */ = {
			isa = PBXGroup;
			children = (
				9F8DBAA0CC27D1FAE9F74799 /* Pods-HYNewNest.debug.xcconfig */,
				F7369947BD28FDAEFDBB6399 /* Pods-HYNewNest.release.xcconfig */,
				F6CE8CAC1544E651FCBD92C6 /* Pods-HYNewNest-HYNewNestUITests.debug.xcconfig */,
				62DF1724D3A54A4E27D4B55B /* Pods-HYNewNest-HYNewNestUITests.release.xcconfig */,
				C2D62AAB840E46D1A6C31D05 /* Pods-HYNewNestTests.debug.xcconfig */,
				FB136AFAD485E031A2148702 /* Pods-HYNewNestTests.release.xcconfig */,
			);
			path = Pods;
			sourceTree = "<group>";
		};
		3D13384824AD8F9A00B29783 = {
			isa = PBXGroup;
			children = (
				3D13385324AD8F9B00B29783 /* HYNewNest */,
				3D13386F24AD8F9C00B29783 /* HYNewNestTests */,
				3D13387A24AD8F9C00B29783 /* HYNewNestUITests */,
				3D13385224AD8F9B00B29783 /* Products */,
				39161D15FBBFB52668D62B53 /* Pods */,
				3FFDA09A060FFD0AB09F0AE0 /* Frameworks */,
			);
			sourceTree = "<group>";
		};
		3D13385224AD8F9B00B29783 /* Products */ = {
			isa = PBXGroup;
			children = (
				3D13385124AD8F9B00B29783 /* HYNewNest.app */,
				3D13386C24AD8F9C00B29783 /* HYNewNestTests.xctest */,
				3D13387724AD8F9C00B29783 /* HYNewNestUITests.xctest */,
			);
			name = Products;
			sourceTree = "<group>";
		};
		3D13385324AD8F9B00B29783 /* HYNewNest */ = {
			isa = PBXGroup;
			children = (
				3D1338A724AF2EDF00B29783 /* Resources */,
				3D1338A624AF2E7D00B29783 /* Vendors(第三方库) */,
				3D13389E24AF2E5200B29783 /* AppEntry */,
				3D13389B24AF2D1900B29783 /* Categories */,
				3D13389A24AF2D1900B29783 /* Config */,
				3D13389C24AF2D1900B29783 /* Features(主代码) */,
				3D13389D24AF2D1900B29783 /* Helper */,
				3D13389924AF2D1900B29783 /* Utility(工具类) */,
				3D13388924AF28D600B29783 /* Other */,
				3D13385A24AD8F9B00B29783 /* ViewController.h */,
				3D13385B24AD8F9B00B29783 /* ViewController.m */,
			);
			path = HYNewNest;
			sourceTree = "<group>";
		};
		3D13386F24AD8F9C00B29783 /* HYNewNestTests */ = {
			isa = PBXGroup;
			children = (
				3D13387024AD8F9C00B29783 /* HYNewNestTests.m */,
				3D13387224AD8F9C00B29783 /* Info.plist */,
			);
			path = HYNewNestTests;
			sourceTree = "<group>";
		};
		3D13387A24AD8F9C00B29783 /* HYNewNestUITests */ = {
			isa = PBXGroup;
			children = (
				3D13387B24AD8F9C00B29783 /* HYNewNestUITests.m */,
				3D13387D24AD8F9C00B29783 /* Info.plist */,
			);
			path = HYNewNestUITests;
			sourceTree = "<group>";
		};
		3D13388924AF28D600B29783 /* Other */ = {
			isa = PBXGroup;
			children = (
				3D13388A24AF28D600B29783 /* Assets.xcassets */,
				3D13388B24AF28D600B29783 /* LaunchScreen.storyboard */,
			);
			path = Other;
			sourceTree = "<group>";
		};
		3D13389924AF2D1900B29783 /* Utility(工具类) */ = {
			isa = PBXGroup;
			children = (
				D5FBFDC524B4661D00BBCAD8 /* Skin */,
				3DA4F19A24B3195F0039123F /* HYRefreshHeader */,
				3DA4F18124B317490039123F /* HYEncryptor */,
				3DA4F17E24B317490039123F /* LoadingView */,
				3DA4F15B24B30D610039123F /* GTMBase64 */,
				3D1338B624AF3A5200B29783 /* NNPageRouter */,
			);
			path = "Utility(工具类)";
			sourceTree = "<group>";
		};
		3D13389A24AF2D1900B29783 /* Config */ = {
			isa = PBXGroup;
			children = (
				3D1338B424AF3A2D00B29783 /* MacroConfigure.h */,
				3D1338B524AF3A2D00B29783 /* GlobalConstant.h */,
				3D1338B124AF2F6600B29783 /* PrefixHeader.pch */,
			);
			path = Config;
			sourceTree = "<group>";
		};
		3D13389B24AF2D1900B29783 /* Categories */ = {
			isa = PBXGroup;
			children = (
				3DA4F1A224B31A110039123F /* NSString+Font.h */,
				3DA4F1A324B31A110039123F /* NSString+Font.m */,
				3DA4F17924B315930039123F /* NSURL+HYLink.h */,
				3DA4F17A24B315930039123F /* NSURL+HYLink.m */,
				3DA4F17824B315930039123F /* UIFont+RCFont.h */,
				3DA4F17B24B315930039123F /* UIFont+RCFont.m */,
				3DA4F16D24B314F20039123F /* UIImage+ESUtilities.h */,
				3DA4F16C24B314F20039123F /* UIImage+ESUtilities.m */,
				3DA4F16424B312BD0039123F /* NSString+Validation.h */,
				3DA4F16524B312BD0039123F /* NSString+Validation.m */,
				3DA4F16624B312BD0039123F /* UIView+Extension.h */,
				3DA4F16724B312BD0039123F /* UIView+Extension.m */,
				3DA4F16324B312BD0039123F /* UIViewController+Extension.h */,
				3DA4F16824B312BD0039123F /* UIViewController+Extension.m */,
			);
			path = Categories;
			sourceTree = "<group>";
		};
		3D13389C24AF2D1900B29783 /* Features(主代码) */ = {
			isa = PBXGroup;
			children = (
				3DA4F19E24B3199A0039123F /* BASE */,
				3D1338A824AF2F4200B29783 /* LoginRegisterComponent */,
			);
			path = "Features(主代码)";
			sourceTree = "<group>";
		};
		3D13389D24AF2D1900B29783 /* Helper */ = {
			isa = PBXGroup;
			children = (
			);
			path = Helper;
			sourceTree = "<group>";
		};
		3D13389E24AF2E5200B29783 /* AppEntry */ = {
			isa = PBXGroup;
			children = (
				3D13389F24AF2E5200B29783 /* AppDelegate.h */,
				3D1338A124AF2E5200B29783 /* AppDelegate.m */,
				3D1338A024AF2E5200B29783 /* main.m */,
				3D1338A224AF2E5200B29783 /* Info.plist */,
			);
			path = AppEntry;
			sourceTree = "<group>";
		};
		3D1338A624AF2E7D00B29783 /* Vendors(第三方库) */ = {
			isa = PBXGroup;
			children = (
				3DA4F18624B317E40039123F /* WMDragView */,
				3DA4F13924B30A080039123F /* SGQRCode */,
			);
			path = "Vendors(第三方库)";
			sourceTree = "<group>";
		};
		3D1338A724AF2EDF00B29783 /* Resources */ = {
			isa = PBXGroup;
			children = (
			);
			path = Resources;
			sourceTree = "<group>";
		};
		3D1338A824AF2F4200B29783 /* LoginRegisterComponent */ = {
			isa = PBXGroup;
			children = (
				3D1338A924AF2F4200B29783 /* Register */,
				3D1338AD24AF2F4200B29783 /* Login */,
			);
			path = LoginRegisterComponent;
			sourceTree = "<group>";
		};
		3D1338A924AF2F4200B29783 /* Register */ = {
			isa = PBXGroup;
			children = (
				3D1338AA24AF2F4200B29783 /* Controller */,
				3D1338AB24AF2F4200B29783 /* Model */,
				3D1338AC24AF2F4200B29783 /* View */,
			);
			path = Register;
			sourceTree = "<group>";
		};
		3D1338AA24AF2F4200B29783 /* Controller */ = {
			isa = PBXGroup;
			children = (
			);
			path = Controller;
			sourceTree = "<group>";
		};
		3D1338AB24AF2F4200B29783 /* Model */ = {
			isa = PBXGroup;
			children = (
			);
			path = Model;
			sourceTree = "<group>";
		};
		3D1338AC24AF2F4200B29783 /* View */ = {
			isa = PBXGroup;
			children = (
			);
			path = View;
			sourceTree = "<group>";
		};
		3D1338AD24AF2F4200B29783 /* Login */ = {
			isa = PBXGroup;
			children = (
				3D1338AE24AF2F4200B29783 /* Controller */,
				3D1338AF24AF2F4200B29783 /* Model */,
				3D1338B024AF2F4200B29783 /* View */,
			);
			path = Login;
			sourceTree = "<group>";
		};
		3D1338AE24AF2F4200B29783 /* Controller */ = {
			isa = PBXGroup;
			children = (
			);
			path = Controller;
			sourceTree = "<group>";
		};
		3D1338AF24AF2F4200B29783 /* Model */ = {
			isa = PBXGroup;
			children = (
			);
			path = Model;
			sourceTree = "<group>";
		};
		3D1338B024AF2F4200B29783 /* View */ = {
			isa = PBXGroup;
			children = (
			);
			path = View;
			sourceTree = "<group>";
		};
		3D1338B624AF3A5200B29783 /* NNPageRouter */ = {
			isa = PBXGroup;
			children = (
				3D1338B724AF3AB200B29783 /* NNPageRouter.h */,
				3D1338B824AF3AB200B29783 /* NNPageRouter.m */,
			);
			path = NNPageRouter;
			sourceTree = "<group>";
		};
		3DA4F13924B30A080039123F /* SGQRCode */ = {
			isa = PBXGroup;
			children = (
				3DA4F13A24B30A080039123F /* SGQRCode.h */,
				3DA4F13B24B30A080039123F /* SGQRCode.bundle */,
				3DA4F13C24B30A080039123F /* Category */,
				3DA4F14124B30A080039123F /* SGQRCodeHelperTool.m */,
				3DA4F14224B30A080039123F /* SGQRCodeScanningView.m */,
				3DA4F14324B30A080039123F /* SGQRCodeScanManager.m */,
				3DA4F14424B30A080039123F /* SGQRCodeGenerateManager.m */,
				3DA4F14524B30A080039123F /* SGQRCodeAlbumManager.h */,
				3DA4F14624B30A080039123F /* SGQRCodeHelperTool.h */,
				3DA4F14724B30A080039123F /* SGQRCodeScanningView.h */,
				3DA4F14824B30A080039123F /* SGQRCodeScanManager.h */,
				3DA4F14924B30A080039123F /* SGQRCodeAlbumManager.m */,
				3DA4F14A24B30A080039123F /* SGQRCodeGenerateManager.h */,
			);
			path = SGQRCode;
			sourceTree = "<group>";
		};
		3DA4F13C24B30A080039123F /* Category */ = {
			isa = PBXGroup;
			children = (
				3DA4F13D24B30A080039123F /* UIImage+SGImageSize.m */,
				3DA4F13E24B30A080039123F /* UIButton+Indicator.h */,
				3DA4F13F24B30A080039123F /* UIImage+SGImageSize.h */,
				3DA4F14024B30A080039123F /* UIButton+Indicator.m */,
			);
			path = Category;
			sourceTree = "<group>";
		};
		3DA4F15B24B30D610039123F /* GTMBase64 */ = {
			isa = PBXGroup;
			children = (
				3DA4F15C24B30D610039123F /* GTMBase64.h */,
				3DA4F15D24B30D610039123F /* GTMDefines.h */,
				3DA4F15E24B30D610039123F /* GTMBase64.m */,
			);
			path = GTMBase64;
			sourceTree = "<group>";
		};
		3DA4F17E24B317490039123F /* LoadingView */ = {
			isa = PBXGroup;
			children = (
				3DA4F17F24B317490039123F /* LoadingView.m */,
				3DA4F18024B317490039123F /* LoadingView.h */,
			);
			path = LoadingView;
			sourceTree = "<group>";
		};
		3DA4F18124B317490039123F /* HYEncryptor */ = {
			isa = PBXGroup;
			children = (
				3DA4F18224B317490039123F /* HYEncryptor.m */,
				3DA4F18324B317490039123F /* HYEncryptor.h */,
			);
			path = HYEncryptor;
			sourceTree = "<group>";
		};
		3DA4F18624B317E40039123F /* WMDragView */ = {
			isa = PBXGroup;
			children = (
				3DA4F18724B317E40039123F /* WMDragView.m */,
				3DA4F18824B317E40039123F /* WMDragView.h */,
			);
			path = WMDragView;
			sourceTree = "<group>";
		};
		3DA4F19A24B3195F0039123F /* HYRefreshHeader */ = {
			isa = PBXGroup;
			children = (
				3DA4F19B24B3195F0039123F /* HYRefreshHeader.m */,
				3DA4F19C24B3195F0039123F /* HYRefreshHeader.h */,
			);
			path = HYRefreshHeader;
			sourceTree = "<group>";
		};
		3DA4F19E24B3199A0039123F /* BASE */ = {
			isa = PBXGroup;
			children = (
				3DA4F19F24B3199A0039123F /* HYNavigationController.m */,
				3DA4F1A024B3199A0039123F /* HYNavigationController.h */,
			);
			path = BASE;
			sourceTree = "<group>";
		};
		3FFDA09A060FFD0AB09F0AE0 /* Frameworks */ = {
			isa = PBXGroup;
			children = (
				AEF7A2146C28453736D5663C /* Pods_HYNewNest.framework */,
				BE65A8392B63C85D83408E26 /* Pods_HYNewNest_HYNewNestUITests.framework */,
				A0457DFB903256B1AB72D121 /* Pods_HYNewNestTests.framework */,
			);
			name = Frameworks;
			sourceTree = "<group>";
		};
		D5FBFDC524B4661D00BBCAD8 /* Skin */ = {
			isa = PBXGroup;
			children = (
				D5FBFDC624B4672200BBCAD8 /* CNSkinManager.h */,
				D5FBFDC724B4672200BBCAD8 /* CNSkinManager.m */,
				D5FBFDF724B59DB100BBCAD8 /* SkinMapValue.plist */,
			);
			path = Skin;
			sourceTree = "<group>";
		};
/* End PBXGroup section */

/* Begin PBXNativeTarget section */
		3D13385024AD8F9B00B29783 /* HYNewNest */ = {
			isa = PBXNativeTarget;
			buildConfigurationList = 3D13388024AD8F9C00B29783 /* Build configuration list for PBXNativeTarget "HYNewNest" */;
			buildPhases = (
				E016B7A80FC4A5DA5714F36A /* [CP] Check Pods Manifest.lock */,
				3D13384D24AD8F9B00B29783 /* Sources */,
				3D13384E24AD8F9B00B29783 /* Frameworks */,
				3D13384F24AD8F9B00B29783 /* Resources */,
				C08FB099C221193B86170E0B /* [CP] Embed Pods Frameworks */,
			);
			buildRules = (
			);
			dependencies = (
			);
			name = HYNewNest;
			productName = HYNewNest;
			productReference = 3D13385124AD8F9B00B29783 /* HYNewNest.app */;
			productType = "com.apple.product-type.application";
		};
		3D13386B24AD8F9C00B29783 /* HYNewNestTests */ = {
			isa = PBXNativeTarget;
			buildConfigurationList = 3D13388324AD8F9C00B29783 /* Build configuration list for PBXNativeTarget "HYNewNestTests" */;
			buildPhases = (
				07FE59F898FD07A542E97751 /* [CP] Check Pods Manifest.lock */,
				3D13386824AD8F9C00B29783 /* Sources */,
				3D13386924AD8F9C00B29783 /* Frameworks */,
				3D13386A24AD8F9C00B29783 /* Resources */,
			);
			buildRules = (
			);
			dependencies = (
				3D13386E24AD8F9C00B29783 /* PBXTargetDependency */,
			);
			name = HYNewNestTests;
			productName = HYNewNestTests;
			productReference = 3D13386C24AD8F9C00B29783 /* HYNewNestTests.xctest */;
			productType = "com.apple.product-type.bundle.unit-test";
		};
		3D13387624AD8F9C00B29783 /* HYNewNestUITests */ = {
			isa = PBXNativeTarget;
			buildConfigurationList = 3D13388624AD8F9C00B29783 /* Build configuration list for PBXNativeTarget "HYNewNestUITests" */;
			buildPhases = (
				F9F6491387A6732DA715C6CA /* [CP] Check Pods Manifest.lock */,
				3D13387324AD8F9C00B29783 /* Sources */,
				3D13387424AD8F9C00B29783 /* Frameworks */,
				3D13387524AD8F9C00B29783 /* Resources */,
				28822A1001555599A37308F2 /* [CP] Embed Pods Frameworks */,
			);
			buildRules = (
			);
			dependencies = (
				3D13387924AD8F9C00B29783 /* PBXTargetDependency */,
			);
			name = HYNewNestUITests;
			productName = HYNewNestUITests;
			productReference = 3D13387724AD8F9C00B29783 /* HYNewNestUITests.xctest */;
			productType = "com.apple.product-type.bundle.ui-testing";
		};
/* End PBXNativeTarget section */

/* Begin PBXProject section */
		3D13384924AD8F9A00B29783 /* Project object */ = {
			isa = PBXProject;
			attributes = {
				LastUpgradeCheck = 1120;
				ORGANIZATIONNAME = james;
				TargetAttributes = {
					3D13385024AD8F9B00B29783 = {
						CreatedOnToolsVersion = 11.2.1;
					};
					3D13386B24AD8F9C00B29783 = {
						CreatedOnToolsVersion = 11.2.1;
						TestTargetID = 3D13385024AD8F9B00B29783;
					};
					3D13387624AD8F9C00B29783 = {
						CreatedOnToolsVersion = 11.2.1;
						TestTargetID = 3D13385024AD8F9B00B29783;
					};
				};
			};
			buildConfigurationList = 3D13384C24AD8F9A00B29783 /* Build configuration list for PBXProject "HYNewNest" */;
			compatibilityVersion = "Xcode 9.3";
			developmentRegion = en;
			hasScannedForEncodings = 0;
			knownRegions = (
				en,
				Base,
			);
			mainGroup = 3D13384824AD8F9A00B29783;
			productRefGroup = 3D13385224AD8F9B00B29783 /* Products */;
			projectDirPath = "";
			projectRoot = "";
			targets = (
				3D13385024AD8F9B00B29783 /* HYNewNest */,
				3D13386B24AD8F9C00B29783 /* HYNewNestTests */,
				3D13387624AD8F9C00B29783 /* HYNewNestUITests */,
			);
		};
/* End PBXProject section */

/* Begin PBXResourcesBuildPhase section */
		3D13384F24AD8F9B00B29783 /* Resources */ = {
			isa = PBXResourcesBuildPhase;
			buildActionMask = 2147483647;
			files = (
				D5FBFDF824B59DB100BBCAD8 /* SkinMapValue.plist in Resources */,
				3DA4F15024B30A090039123F /* SGQRCode.bundle in Resources */,
				3D13389224AF28D700B29783 /* Assets.xcassets in Resources */,
				3D13389324AF28D700B29783 /* LaunchScreen.storyboard in Resources */,
			);
			runOnlyForDeploymentPostprocessing = 0;
		};
		3D13386A24AD8F9C00B29783 /* Resources */ = {
			isa = PBXResourcesBuildPhase;
			buildActionMask = 2147483647;
			files = (
			);
			runOnlyForDeploymentPostprocessing = 0;
		};
		3D13387524AD8F9C00B29783 /* Resources */ = {
			isa = PBXResourcesBuildPhase;
			buildActionMask = 2147483647;
			files = (
			);
			runOnlyForDeploymentPostprocessing = 0;
		};
/* End PBXResourcesBuildPhase section */

/* Begin PBXShellScriptBuildPhase section */
		07FE59F898FD07A542E97751 /* [CP] Check Pods Manifest.lock */ = {
			isa = PBXShellScriptBuildPhase;
			buildActionMask = 2147483647;
			files = (
			);
			inputFileListPaths = (
			);
			inputPaths = (
				"${PODS_PODFILE_DIR_PATH}/Podfile.lock",
				"${PODS_ROOT}/Manifest.lock",
			);
			name = "[CP] Check Pods Manifest.lock";
			outputFileListPaths = (
			);
			outputPaths = (
				"$(DERIVED_FILE_DIR)/Pods-HYNewNestTests-checkManifestLockResult.txt",
			);
			runOnlyForDeploymentPostprocessing = 0;
			shellPath = /bin/sh;
			shellScript = "diff \"${PODS_PODFILE_DIR_PATH}/Podfile.lock\" \"${PODS_ROOT}/Manifest.lock\" > /dev/null\nif [ $? != 0 ] ; then\n    # print error to STDERR\n    echo \"error: The sandbox is not in sync with the Podfile.lock. Run 'pod install' or update your CocoaPods installation.\" >&2\n    exit 1\nfi\n# This output is used by Xcode 'outputs' to avoid re-running this script phase.\necho \"SUCCESS\" > \"${SCRIPT_OUTPUT_FILE_0}\"\n";
			showEnvVarsInLog = 0;
		};
		28822A1001555599A37308F2 /* [CP] Embed Pods Frameworks */ = {
			isa = PBXShellScriptBuildPhase;
			buildActionMask = 2147483647;
			files = (
			);
			inputFileListPaths = (
				"${PODS_ROOT}/Target Support Files/Pods-HYNewNest-HYNewNestUITests/Pods-HYNewNest-HYNewNestUITests-frameworks-${CONFIGURATION}-input-files.xcfilelist",
			);
			name = "[CP] Embed Pods Frameworks";
			outputFileListPaths = (
				"${PODS_ROOT}/Target Support Files/Pods-HYNewNest-HYNewNestUITests/Pods-HYNewNest-HYNewNestUITests-frameworks-${CONFIGURATION}-output-files.xcfilelist",
			);
			runOnlyForDeploymentPostprocessing = 0;
			shellPath = /bin/sh;
			shellScript = "\"${PODS_ROOT}/Target Support Files/Pods-HYNewNest-HYNewNestUITests/Pods-HYNewNest-HYNewNestUITests-frameworks.sh\"\n";
			showEnvVarsInLog = 0;
		};
		C08FB099C221193B86170E0B /* [CP] Embed Pods Frameworks */ = {
			isa = PBXShellScriptBuildPhase;
			buildActionMask = 2147483647;
			files = (
			);
			inputFileListPaths = (
				"${PODS_ROOT}/Target Support Files/Pods-HYNewNest/Pods-HYNewNest-frameworks-${CONFIGURATION}-input-files.xcfilelist",
			);
			name = "[CP] Embed Pods Frameworks";
			outputFileListPaths = (
				"${PODS_ROOT}/Target Support Files/Pods-HYNewNest/Pods-HYNewNest-frameworks-${CONFIGURATION}-output-files.xcfilelist",
			);
			runOnlyForDeploymentPostprocessing = 0;
			shellPath = /bin/sh;
			shellScript = "\"${PODS_ROOT}/Target Support Files/Pods-HYNewNest/Pods-HYNewNest-frameworks.sh\"\n";
			showEnvVarsInLog = 0;
		};
		E016B7A80FC4A5DA5714F36A /* [CP] Check Pods Manifest.lock */ = {
			isa = PBXShellScriptBuildPhase;
			buildActionMask = 2147483647;
			files = (
			);
			inputFileListPaths = (
			);
			inputPaths = (
				"${PODS_PODFILE_DIR_PATH}/Podfile.lock",
				"${PODS_ROOT}/Manifest.lock",
			);
			name = "[CP] Check Pods Manifest.lock";
			outputFileListPaths = (
			);
			outputPaths = (
				"$(DERIVED_FILE_DIR)/Pods-HYNewNest-checkManifestLockResult.txt",
			);
			runOnlyForDeploymentPostprocessing = 0;
			shellPath = /bin/sh;
			shellScript = "diff \"${PODS_PODFILE_DIR_PATH}/Podfile.lock\" \"${PODS_ROOT}/Manifest.lock\" > /dev/null\nif [ $? != 0 ] ; then\n    # print error to STDERR\n    echo \"error: The sandbox is not in sync with the Podfile.lock. Run 'pod install' or update your CocoaPods installation.\" >&2\n    exit 1\nfi\n# This output is used by Xcode 'outputs' to avoid re-running this script phase.\necho \"SUCCESS\" > \"${SCRIPT_OUTPUT_FILE_0}\"\n";
			showEnvVarsInLog = 0;
		};
		F9F6491387A6732DA715C6CA /* [CP] Check Pods Manifest.lock */ = {
			isa = PBXShellScriptBuildPhase;
			buildActionMask = 2147483647;
			files = (
			);
			inputFileListPaths = (
			);
			inputPaths = (
				"${PODS_PODFILE_DIR_PATH}/Podfile.lock",
				"${PODS_ROOT}/Manifest.lock",
			);
			name = "[CP] Check Pods Manifest.lock";
			outputFileListPaths = (
			);
			outputPaths = (
				"$(DERIVED_FILE_DIR)/Pods-HYNewNest-HYNewNestUITests-checkManifestLockResult.txt",
			);
			runOnlyForDeploymentPostprocessing = 0;
			shellPath = /bin/sh;
			shellScript = "diff \"${PODS_PODFILE_DIR_PATH}/Podfile.lock\" \"${PODS_ROOT}/Manifest.lock\" > /dev/null\nif [ $? != 0 ] ; then\n    # print error to STDERR\n    echo \"error: The sandbox is not in sync with the Podfile.lock. Run 'pod install' or update your CocoaPods installation.\" >&2\n    exit 1\nfi\n# This output is used by Xcode 'outputs' to avoid re-running this script phase.\necho \"SUCCESS\" > \"${SCRIPT_OUTPUT_FILE_0}\"\n";
			showEnvVarsInLog = 0;
		};
/* End PBXShellScriptBuildPhase section */

/* Begin PBXSourcesBuildPhase section */
		3D13384D24AD8F9B00B29783 /* Sources */ = {
			isa = PBXSourcesBuildPhase;
			buildActionMask = 2147483647;
			files = (
				3DA4F16924B312BE0039123F /* NSString+Validation.m in Sources */,
				3DA4F18424B317490039123F /* LoadingView.m in Sources */,
				3DA4F15724B30A090039123F /* SGQRCodeAlbumManager.m in Sources */,
				3D1338A324AF2E5200B29783 /* main.m in Sources */,
				3DA4F15524B30A090039123F /* SGQRCodeScanManager.m in Sources */,
				3DA4F19D24B3195F0039123F /* HYRefreshHeader.m in Sources */,
				3DA4F18524B317490039123F /* HYEncryptor.m in Sources */,
				3DA4F15624B30A090039123F /* SGQRCodeGenerateManager.m in Sources */,
				3DA4F1A124B3199A0039123F /* HYNavigationController.m in Sources */,
				3DA4F15124B30A090039123F /* UIImage+SGImageSize.m in Sources */,
				3DA4F15324B30A090039123F /* SGQRCodeHelperTool.m in Sources */,
				3D13385C24AD8F9B00B29783 /* ViewController.m in Sources */,
				3D1338A424AF2E5200B29783 /* AppDelegate.m in Sources */,
				3DA4F17C24B315940039123F /* NSURL+HYLink.m in Sources */,
				3DA4F1A424B31A110039123F /* NSString+Font.m in Sources */,
				3DA4F15424B30A090039123F /* SGQRCodeScanningView.m in Sources */,
				3DA4F16E24B314F30039123F /* UIImage+ESUtilities.m in Sources */,
				3DA4F17D24B315940039123F /* UIFont+RCFont.m in Sources */,
				3DA4F15F24B30D610039123F /* GTMBase64.m in Sources */,
				3D1338B924AF3AB200B29783 /* NNPageRouter.m in Sources */,
				D5FBFDC824B4672200BBCAD8 /* CNSkinManager.m in Sources */,
				3DA4F16A24B312BE0039123F /* UIView+Extension.m in Sources */,
				3DA4F16B24B312BE0039123F /* UIViewController+Extension.m in Sources */,
				3DA4F15224B30A090039123F /* UIButton+Indicator.m in Sources */,
				3DA4F18924B317E40039123F /* WMDragView.m in Sources */,
			);
			runOnlyForDeploymentPostprocessing = 0;
		};
		3D13386824AD8F9C00B29783 /* Sources */ = {
			isa = PBXSourcesBuildPhase;
			buildActionMask = 2147483647;
			files = (
				3D13387124AD8F9C00B29783 /* HYNewNestTests.m in Sources */,
			);
			runOnlyForDeploymentPostprocessing = 0;
		};
		3D13387324AD8F9C00B29783 /* Sources */ = {
			isa = PBXSourcesBuildPhase;
			buildActionMask = 2147483647;
			files = (
				3D13387C24AD8F9C00B29783 /* HYNewNestUITests.m in Sources */,
			);
			runOnlyForDeploymentPostprocessing = 0;
		};
/* End PBXSourcesBuildPhase section */

/* Begin PBXTargetDependency section */
		3D13386E24AD8F9C00B29783 /* PBXTargetDependency */ = {
			isa = PBXTargetDependency;
			target = 3D13385024AD8F9B00B29783 /* HYNewNest */;
			targetProxy = 3D13386D24AD8F9C00B29783 /* PBXContainerItemProxy */;
		};
		3D13387924AD8F9C00B29783 /* PBXTargetDependency */ = {
			isa = PBXTargetDependency;
			target = 3D13385024AD8F9B00B29783 /* HYNewNest */;
			targetProxy = 3D13387824AD8F9C00B29783 /* PBXContainerItemProxy */;
		};
/* End PBXTargetDependency section */

/* Begin PBXVariantGroup section */
		3D13388B24AF28D600B29783 /* LaunchScreen.storyboard */ = {
			isa = PBXVariantGroup;
			children = (
				3D13388C24AF28D600B29783 /* Base */,
			);
			name = LaunchScreen.storyboard;
			sourceTree = "<group>";
		};
/* End PBXVariantGroup section */

/* Begin XCBuildConfiguration section */
		3D13387E24AD8F9C00B29783 /* Debug */ = {
			isa = XCBuildConfiguration;
			buildSettings = {
				ALWAYS_SEARCH_USER_PATHS = NO;
				CLANG_ANALYZER_NONNULL = YES;
				CLANG_ANALYZER_NUMBER_OBJECT_CONVERSION = YES_AGGRESSIVE;
				CLANG_CXX_LANGUAGE_STANDARD = "gnu++14";
				CLANG_CXX_LIBRARY = "libc++";
				CLANG_ENABLE_MODULES = YES;
				CLANG_ENABLE_OBJC_ARC = YES;
				CLANG_ENABLE_OBJC_WEAK = YES;
				CLANG_WARN_BLOCK_CAPTURE_AUTORELEASING = YES;
				CLANG_WARN_BOOL_CONVERSION = YES;
				CLANG_WARN_COMMA = YES;
				CLANG_WARN_CONSTANT_CONVERSION = YES;
				CLANG_WARN_DEPRECATED_OBJC_IMPLEMENTATIONS = YES;
				CLANG_WARN_DIRECT_OBJC_ISA_USAGE = YES_ERROR;
				CLANG_WARN_DOCUMENTATION_COMMENTS = YES;
				CLANG_WARN_EMPTY_BODY = YES;
				CLANG_WARN_ENUM_CONVERSION = YES;
				CLANG_WARN_INFINITE_RECURSION = YES;
				CLANG_WARN_INT_CONVERSION = YES;
				CLANG_WARN_NON_LITERAL_NULL_CONVERSION = YES;
				CLANG_WARN_OBJC_IMPLICIT_RETAIN_SELF = YES;
				CLANG_WARN_OBJC_LITERAL_CONVERSION = YES;
				CLANG_WARN_OBJC_ROOT_CLASS = YES_ERROR;
				CLANG_WARN_RANGE_LOOP_ANALYSIS = YES;
				CLANG_WARN_STRICT_PROTOTYPES = YES;
				CLANG_WARN_SUSPICIOUS_MOVE = YES;
				CLANG_WARN_UNGUARDED_AVAILABILITY = YES_AGGRESSIVE;
				CLANG_WARN_UNREACHABLE_CODE = YES;
				CLANG_WARN__DUPLICATE_METHOD_MATCH = YES;
				COPY_PHASE_STRIP = NO;
				DEBUG_INFORMATION_FORMAT = dwarf;
				ENABLE_STRICT_OBJC_MSGSEND = YES;
				ENABLE_TESTABILITY = YES;
				GCC_C_LANGUAGE_STANDARD = gnu11;
				GCC_DYNAMIC_NO_PIC = NO;
				GCC_NO_COMMON_BLOCKS = YES;
				GCC_OPTIMIZATION_LEVEL = 0;
				GCC_PREPROCESSOR_DEFINITIONS = (
					"DEBUG=1",
					"$(inherited)",
				);
				GCC_WARN_64_TO_32_BIT_CONVERSION = YES;
				GCC_WARN_ABOUT_RETURN_TYPE = YES_ERROR;
				GCC_WARN_UNDECLARED_SELECTOR = YES;
				GCC_WARN_UNINITIALIZED_AUTOS = YES_AGGRESSIVE;
				GCC_WARN_UNUSED_FUNCTION = YES;
				GCC_WARN_UNUSED_VARIABLE = YES;
				IPHONEOS_DEPLOYMENT_TARGET = 10.0;
				MTL_ENABLE_DEBUG_INFO = INCLUDE_SOURCE;
				MTL_FAST_MATH = YES;
				ONLY_ACTIVE_ARCH = YES;
				SDKROOT = iphoneos;
			};
			name = Debug;
		};
		3D13387F24AD8F9C00B29783 /* Release */ = {
			isa = XCBuildConfiguration;
			buildSettings = {
				ALWAYS_SEARCH_USER_PATHS = NO;
				CLANG_ANALYZER_NONNULL = YES;
				CLANG_ANALYZER_NUMBER_OBJECT_CONVERSION = YES_AGGRESSIVE;
				CLANG_CXX_LANGUAGE_STANDARD = "gnu++14";
				CLANG_CXX_LIBRARY = "libc++";
				CLANG_ENABLE_MODULES = YES;
				CLANG_ENABLE_OBJC_ARC = YES;
				CLANG_ENABLE_OBJC_WEAK = YES;
				CLANG_WARN_BLOCK_CAPTURE_AUTORELEASING = YES;
				CLANG_WARN_BOOL_CONVERSION = YES;
				CLANG_WARN_COMMA = YES;
				CLANG_WARN_CONSTANT_CONVERSION = YES;
				CLANG_WARN_DEPRECATED_OBJC_IMPLEMENTATIONS = YES;
				CLANG_WARN_DIRECT_OBJC_ISA_USAGE = YES_ERROR;
				CLANG_WARN_DOCUMENTATION_COMMENTS = YES;
				CLANG_WARN_EMPTY_BODY = YES;
				CLANG_WARN_ENUM_CONVERSION = YES;
				CLANG_WARN_INFINITE_RECURSION = YES;
				CLANG_WARN_INT_CONVERSION = YES;
				CLANG_WARN_NON_LITERAL_NULL_CONVERSION = YES;
				CLANG_WARN_OBJC_IMPLICIT_RETAIN_SELF = YES;
				CLANG_WARN_OBJC_LITERAL_CONVERSION = YES;
				CLANG_WARN_OBJC_ROOT_CLASS = YES_ERROR;
				CLANG_WARN_RANGE_LOOP_ANALYSIS = YES;
				CLANG_WARN_STRICT_PROTOTYPES = YES;
				CLANG_WARN_SUSPICIOUS_MOVE = YES;
				CLANG_WARN_UNGUARDED_AVAILABILITY = YES_AGGRESSIVE;
				CLANG_WARN_UNREACHABLE_CODE = YES;
				CLANG_WARN__DUPLICATE_METHOD_MATCH = YES;
				COPY_PHASE_STRIP = NO;
				DEBUG_INFORMATION_FORMAT = "dwarf-with-dsym";
				ENABLE_NS_ASSERTIONS = NO;
				ENABLE_STRICT_OBJC_MSGSEND = YES;
				GCC_C_LANGUAGE_STANDARD = gnu11;
				GCC_NO_COMMON_BLOCKS = YES;
				GCC_WARN_64_TO_32_BIT_CONVERSION = YES;
				GCC_WARN_ABOUT_RETURN_TYPE = YES_ERROR;
				GCC_WARN_UNDECLARED_SELECTOR = YES;
				GCC_WARN_UNINITIALIZED_AUTOS = YES_AGGRESSIVE;
				GCC_WARN_UNUSED_FUNCTION = YES;
				GCC_WARN_UNUSED_VARIABLE = YES;
				IPHONEOS_DEPLOYMENT_TARGET = 10.0;
				MTL_ENABLE_DEBUG_INFO = NO;
				MTL_FAST_MATH = YES;
				SDKROOT = iphoneos;
				VALIDATE_PRODUCT = YES;
			};
			name = Release;
		};
		3D13388124AD8F9C00B29783 /* Debug */ = {
			isa = XCBuildConfiguration;
			baseConfigurationReference = 9F8DBAA0CC27D1FAE9F74799 /* Pods-HYNewNest.debug.xcconfig */;
			buildSettings = {
				ASSETCATALOG_COMPILER_APPICON_NAME = AppIcon;
				CODE_SIGN_STYLE = Automatic;
				FRAMEWORK_SEARCH_PATHS = (
					"$(inherited)",
					"$(PROJECT_DIR)/HYNewNest/Vendors(第三方库)/IN3SAnalytics",
				);
				GCC_PRECOMPILE_PREFIX_HEADER = YES;
				GCC_PREFIX_HEADER = HYNewNest/Config/PrefixHeader.pch;
				INFOPLIST_FILE = HYNewNest/AppEntry/Info.plist;
				LD_RUNPATH_SEARCH_PATHS = (
					"$(inherited)",
					"@executable_path/Frameworks",
				);
				PRODUCT_BUNDLE_IDENTIFIER = com.nn.hy.HYNewNest;
				PRODUCT_NAME = "$(TARGET_NAME)";
				TARGETED_DEVICE_FAMILY = "1,2";
			};
			name = Debug;
		};
		3D13388224AD8F9C00B29783 /* Release */ = {
			isa = XCBuildConfiguration;
			baseConfigurationReference = F7369947BD28FDAEFDBB6399 /* Pods-HYNewNest.release.xcconfig */;
			buildSettings = {
				ASSETCATALOG_COMPILER_APPICON_NAME = AppIcon;
				CODE_SIGN_STYLE = Automatic;
				FRAMEWORK_SEARCH_PATHS = (
					"$(inherited)",
					"$(PROJECT_DIR)/HYNewNest/Vendors(第三方库)/IN3SAnalytics",
				);
				GCC_PRECOMPILE_PREFIX_HEADER = YES;
				GCC_PREFIX_HEADER = HYNewNest/Config/PrefixHeader.pch;
				INFOPLIST_FILE = HYNewNest/AppEntry/Info.plist;
				LD_RUNPATH_SEARCH_PATHS = (
					"$(inherited)",
					"@executable_path/Frameworks",
				);
				PRODUCT_BUNDLE_IDENTIFIER = com.nn.hy.HYNewNest;
				PRODUCT_NAME = "$(TARGET_NAME)";
				TARGETED_DEVICE_FAMILY = "1,2";
			};
			name = Release;
		};
		3D13388424AD8F9C00B29783 /* Debug */ = {
			isa = XCBuildConfiguration;
			baseConfigurationReference = C2D62AAB840E46D1A6C31D05 /* Pods-HYNewNestTests.debug.xcconfig */;
			buildSettings = {
				BUNDLE_LOADER = "$(TEST_HOST)";
				CODE_SIGN_STYLE = Automatic;
				INFOPLIST_FILE = HYNewNestTests/Info.plist;
				IPHONEOS_DEPLOYMENT_TARGET = 13.2;
				LD_RUNPATH_SEARCH_PATHS = (
					"$(inherited)",
					"@executable_path/Frameworks",
					"@loader_path/Frameworks",
				);
				PRODUCT_BUNDLE_IDENTIFIER = com.nn.hy.HYNewNestTests;
				PRODUCT_NAME = "$(TARGET_NAME)";
				TARGETED_DEVICE_FAMILY = "1,2";
				TEST_HOST = "$(BUILT_PRODUCTS_DIR)/HYNewNest.app/HYNewNest";
			};
			name = Debug;
		};
		3D13388524AD8F9C00B29783 /* Release */ = {
			isa = XCBuildConfiguration;
			baseConfigurationReference = FB136AFAD485E031A2148702 /* Pods-HYNewNestTests.release.xcconfig */;
			buildSettings = {
				BUNDLE_LOADER = "$(TEST_HOST)";
				CODE_SIGN_STYLE = Automatic;
				INFOPLIST_FILE = HYNewNestTests/Info.plist;
				IPHONEOS_DEPLOYMENT_TARGET = 13.2;
				LD_RUNPATH_SEARCH_PATHS = (
					"$(inherited)",
					"@executable_path/Frameworks",
					"@loader_path/Frameworks",
				);
				PRODUCT_BUNDLE_IDENTIFIER = com.nn.hy.HYNewNestTests;
				PRODUCT_NAME = "$(TARGET_NAME)";
				TARGETED_DEVICE_FAMILY = "1,2";
				TEST_HOST = "$(BUILT_PRODUCTS_DIR)/HYNewNest.app/HYNewNest";
			};
			name = Release;
		};
		3D13388724AD8F9C00B29783 /* Debug */ = {
			isa = XCBuildConfiguration;
			baseConfigurationReference = F6CE8CAC1544E651FCBD92C6 /* Pods-HYNewNest-HYNewNestUITests.debug.xcconfig */;
			buildSettings = {
				CODE_SIGN_STYLE = Automatic;
				INFOPLIST_FILE = HYNewNestUITests/Info.plist;
				LD_RUNPATH_SEARCH_PATHS = (
					"$(inherited)",
					"@executable_path/Frameworks",
					"@loader_path/Frameworks",
				);
				PRODUCT_BUNDLE_IDENTIFIER = com.nn.hy.HYNewNestUITests;
				PRODUCT_NAME = "$(TARGET_NAME)";
				TARGETED_DEVICE_FAMILY = "1,2";
				TEST_TARGET_NAME = HYNewNest;
			};
			name = Debug;
		};
		3D13388824AD8F9C00B29783 /* Release */ = {
			isa = XCBuildConfiguration;
			baseConfigurationReference = 62DF1724D3A54A4E27D4B55B /* Pods-HYNewNest-HYNewNestUITests.release.xcconfig */;
			buildSettings = {
				CODE_SIGN_STYLE = Automatic;
				INFOPLIST_FILE = HYNewNestUITests/Info.plist;
				LD_RUNPATH_SEARCH_PATHS = (
					"$(inherited)",
					"@executable_path/Frameworks",
					"@loader_path/Frameworks",
				);
				PRODUCT_BUNDLE_IDENTIFIER = com.nn.hy.HYNewNestUITests;
				PRODUCT_NAME = "$(TARGET_NAME)";
				TARGETED_DEVICE_FAMILY = "1,2";
				TEST_TARGET_NAME = HYNewNest;
			};
			name = Release;
		};
/* End XCBuildConfiguration section */

/* Begin XCConfigurationList section */
		3D13384C24AD8F9A00B29783 /* Build configuration list for PBXProject "HYNewNest" */ = {
			isa = XCConfigurationList;
			buildConfigurations = (
				3D13387E24AD8F9C00B29783 /* Debug */,
				3D13387F24AD8F9C00B29783 /* Release */,
			);
			defaultConfigurationIsVisible = 0;
			defaultConfigurationName = Release;
		};
		3D13388024AD8F9C00B29783 /* Build configuration list for PBXNativeTarget "HYNewNest" */ = {
			isa = XCConfigurationList;
			buildConfigurations = (
				3D13388124AD8F9C00B29783 /* Debug */,
				3D13388224AD8F9C00B29783 /* Release */,
			);
			defaultConfigurationIsVisible = 0;
			defaultConfigurationName = Release;
		};
		3D13388324AD8F9C00B29783 /* Build configuration list for PBXNativeTarget "HYNewNestTests" */ = {
			isa = XCConfigurationList;
			buildConfigurations = (
				3D13388424AD8F9C00B29783 /* Debug */,
				3D13388524AD8F9C00B29783 /* Release */,
			);
			defaultConfigurationIsVisible = 0;
			defaultConfigurationName = Release;
		};
		3D13388624AD8F9C00B29783 /* Build configuration list for PBXNativeTarget "HYNewNestUITests" */ = {
			isa = XCConfigurationList;
			buildConfigurations = (
				3D13388724AD8F9C00B29783 /* Debug */,
				3D13388824AD8F9C00B29783 /* Release */,
			);
			defaultConfigurationIsVisible = 0;
			defaultConfigurationName = Release;
		};
/* End XCConfigurationList section */
	};
	rootObject = 3D13384924AD8F9A00B29783 /* Project object */;
}
